// !$*UTF8*$!
{
	archiveVersion = 1;
	classes = {
	};
	objectVersion = 46;
	objects = {

/* Begin PBXBuildFile section */
		71F7BCA82A51607667CB6B47 /* Pods_myNavDrawer.framework in Frameworks */ = {isa = PBXBuildFile; fileRef = 552737CB68EF43B7E73C128B /* Pods_myNavDrawer.framework */; };
		8AA428615A4B0A2B3DA582C8 /* Pods_myNavDrawerTests.framework in Frameworks */ = {isa = PBXBuildFile; fileRef = B5FAAD81A3CF27A2EF885BB5 /* Pods_myNavDrawerTests.framework */; };
		8C0430A61CFE782900F3FABB /* splash.jpeg in Resources */ = {isa = PBXBuildFile; fileRef = 8C0430A51CFE782900F3FABB /* splash.jpeg */; };
		8C0430B01CFE7CAC00F3FABB /* camera5.jpeg in Resources */ = {isa = PBXBuildFile; fileRef = 8C0430AF1CFE7CAC00F3FABB /* camera5.jpeg */; };
		8C1978AB1CEDAB91005FC5CD /* AppDelegate.swift in Sources */ = {isa = PBXBuildFile; fileRef = 8C1978AA1CEDAB91005FC5CD /* AppDelegate.swift */; };
		8C1978AD1CEDAB91005FC5CD /* ViewController.swift in Sources */ = {isa = PBXBuildFile; fileRef = 8C1978AC1CEDAB91005FC5CD /* ViewController.swift */; };
		8C1978B01CEDAB91005FC5CD /* Main.storyboard in Resources */ = {isa = PBXBuildFile; fileRef = 8C1978AE1CEDAB91005FC5CD /* Main.storyboard */; };
		8C1978B21CEDAB91005FC5CD /* Assets.xcassets in Resources */ = {isa = PBXBuildFile; fileRef = 8C1978B11CEDAB91005FC5CD /* Assets.xcassets */; };
		8C1978B51CEDAB91005FC5CD /* LaunchScreen.storyboard in Resources */ = {isa = PBXBuildFile; fileRef = 8C1978B31CEDAB91005FC5CD /* LaunchScreen.storyboard */; };
		8C1978C01CEDAB91005FC5CD /* myNavDrawerTests.swift in Sources */ = {isa = PBXBuildFile; fileRef = 8C1978BF1CEDAB91005FC5CD /* myNavDrawerTests.swift */; };
		8C1978CB1CEDAB91005FC5CD /* myNavDrawerUITests.swift in Sources */ = {isa = PBXBuildFile; fileRef = 8C1978CA1CEDAB91005FC5CD /* myNavDrawerUITests.swift */; };
		8C278A9F1CEF82CA00AF8CEE /* LeftViewController.swift in Sources */ = {isa = PBXBuildFile; fileRef = 8C278A9E1CEF82CA00AF8CEE /* LeftViewController.swift */; };
		8C278AA11CEF9CD800AF8CEE /* MyCustomViewCell.swift in Sources */ = {isa = PBXBuildFile; fileRef = 8C278AA01CEF9CD800AF8CEE /* MyCustomViewCell.swift */; };
		8C7D34F91CFCA5910099305C /* StoryboardFADY.storyboard in Resources */ = {isa = PBXBuildFile; fileRef = 8C7D34F81CFCA5910099305C /* StoryboardFADY.storyboard */; };
		8C7D34FB1CFCA5AC0099305C /* StoryboardSALMA.storyboard in Resources */ = {isa = PBXBuildFile; fileRef = 8C7D34FA1CFCA5AC0099305C /* StoryboardSALMA.storyboard */; };
		8C7D34FD1CFCA5BC0099305C /* StoryboardFATIMA.storyboard in Resources */ = {isa = PBXBuildFile; fileRef = 8C7D34FC1CFCA5BC0099305C /* StoryboardFATIMA.storyboard */; };
		C71629951CFED9FE001CA5C6 /* TJTextField.swift in Sources */ = {isa = PBXBuildFile; fileRef = C71629941CFED9FE001CA5C6 /* TJTextField.swift */; };
		C71629971CFEDA15001CA5C6 /* UserInfoRegistration.swift in Sources */ = {isa = PBXBuildFile; fileRef = C71629961CFEDA15001CA5C6 /* UserInfoRegistration.swift */; };
		C71629991CFEDA36001CA5C6 /* AchievementsForMeViewController.swift in Sources */ = {isa = PBXBuildFile; fileRef = C71629981CFEDA36001CA5C6 /* AchievementsForMeViewController.swift */; };
		C716299B1CFEDA47001CA5C6 /* RegistrationViewController.swift in Sources */ = {isa = PBXBuildFile; fileRef = C716299A1CFEDA47001CA5C6 /* RegistrationViewController.swift */; };
		C7F8173D1CFDC3E80086A9DC /* Category.swift in Sources */ = {isa = PBXBuildFile; fileRef = C7F8173C1CFDC3E80086A9DC /* Category.swift */; };
		C7F8173F1CFDC4030086A9DC /* UserInfo.swift in Sources */ = {isa = PBXBuildFile; fileRef = C7F8173E1CFDC4030086A9DC /* UserInfo.swift */; };
		C7F817411CFDC40C0086A9DC /* UserTask.swift in Sources */ = {isa = PBXBuildFile; fileRef = C7F817401CFDC40C0086A9DC /* UserTask.swift */; };
		C7F817431CFDC4170086A9DC /* TaskInfo.swift in Sources */ = {isa = PBXBuildFile; fileRef = C7F817421CFDC4170086A9DC /* TaskInfo.swift */; };
		C7F817451CFDC4240086A9DC /* Type.swift in Sources */ = {isa = PBXBuildFile; fileRef = C7F817441CFDC4240086A9DC /* Type.swift */; };
		C7F817471CFDC4700086A9DC /* LoginScreen.swift in Sources */ = {isa = PBXBuildFile; fileRef = C7F817461CFDC4700086A9DC /* LoginScreen.swift */; };
		C7F817491CFDC4820086A9DC /* UserProfileScreen.swift in Sources */ = {isa = PBXBuildFile; fileRef = C7F817481CFDC4820086A9DC /* UserProfileScreen.swift */; };
		C7F8174B1CFDC4910086A9DC /* SimpleUserScreen.swift in Sources */ = {isa = PBXBuildFile; fileRef = C7F8174A1CFDC4910086A9DC /* SimpleUserScreen.swift */; };
		C7F8174D1CFDC4A40086A9DC /* MileStoneEditTable.swift in Sources */ = {isa = PBXBuildFile; fileRef = C7F8174C1CFDC4A40086A9DC /* MileStoneEditTable.swift */; };
		C7F8174F1CFDC4B30086A9DC /* MileStoneEditView.swift in Sources */ = {isa = PBXBuildFile; fileRef = C7F8174E1CFDC4B30086A9DC /* MileStoneEditView.swift */; };
		C7F817511CFDC4BC0086A9DC /* PasswordValidationScreen.swift in Sources */ = {isa = PBXBuildFile; fileRef = C7F817501CFDC4BC0086A9DC /* PasswordValidationScreen.swift */; };
		C7F817531CFDC4D80086A9DC /* ForgotMyPasswordScreen.swift in Sources */ = {isa = PBXBuildFile; fileRef = C7F817521CFDC4D80086A9DC /* ForgotMyPasswordScreen.swift */; };
		C7F817551CFDC4E40086A9DC /* EditUserTaskScreen.swift in Sources */ = {isa = PBXBuildFile; fileRef = C7F817541CFDC4E40086A9DC /* EditUserTaskScreen.swift */; };
		C7F817571CFDC4EB0086A9DC /* EditUserProfileController.swift in Sources */ = {isa = PBXBuildFile; fileRef = C7F817561CFDC4EB0086A9DC /* EditUserProfileController.swift */; };
		C7F817591CFDC4F30086A9DC /* EditPasswordPasswordScreen.swift in Sources */ = {isa = PBXBuildFile; fileRef = C7F817581CFDC4F30086A9DC /* EditPasswordPasswordScreen.swift */; };
		C7F8175B1CFDC5760086A9DC /* CreateAccountScreen.swift in Sources */ = {isa = PBXBuildFile; fileRef = C7F8175A1CFDC5760086A9DC /* CreateAccountScreen.swift */; };
		C7F8175D1CFDCBD70086A9DC /* ChildUserScreen.swift in Sources */ = {isa = PBXBuildFile; fileRef = C7F8175C1CFDCBD70086A9DC /* ChildUserScreen.swift */; };
		C7F8175F1CFDCC840086A9DC /* FadyHany.storyboard in Resources */ = {isa = PBXBuildFile; fileRef = C7F8175E1CFDCC840086A9DC /* FadyHany.storyboard */; };
		C7F9983E1CFDF6660011FF9D /* AssetsLibrary.framework in Frameworks */ = {isa = PBXBuildFile; fileRef = C7F9983D1CFDF6660011FF9D /* AssetsLibrary.framework */; };
/* End PBXBuildFile section */

/* Begin PBXContainerItemProxy section */
		8C1978BC1CEDAB91005FC5CD /* PBXContainerItemProxy */ = {
			isa = PBXContainerItemProxy;
			containerPortal = 8C19789F1CEDAB91005FC5CD /* Project object */;
			proxyType = 1;
			remoteGlobalIDString = 8C1978A61CEDAB91005FC5CD;
			remoteInfo = myNavDrawer;
		};
		8C1978C71CEDAB91005FC5CD /* PBXContainerItemProxy */ = {
			isa = PBXContainerItemProxy;
			containerPortal = 8C19789F1CEDAB91005FC5CD /* Project object */;
			proxyType = 1;
			remoteGlobalIDString = 8C1978A61CEDAB91005FC5CD;
			remoteInfo = myNavDrawer;
		};
/* End PBXContainerItemProxy section */

/* Begin PBXFileReference section */
		31262DE95AF17993335024D6 /* Pods-myNavDrawer.debug.xcconfig */ = {isa = PBXFileReference; includeInIndex = 1; lastKnownFileType = text.xcconfig; name = "Pods-myNavDrawer.debug.xcconfig"; path = "Pods/Target Support Files/Pods-myNavDrawer/Pods-myNavDrawer.debug.xcconfig"; sourceTree = "<group>"; };
		552737CB68EF43B7E73C128B /* Pods_myNavDrawer.framework */ = {isa = PBXFileReference; explicitFileType = wrapper.framework; includeInIndex = 0; path = Pods_myNavDrawer.framework; sourceTree = BUILT_PRODUCTS_DIR; };
		664BBF65D5A1EE2885793BE1 /* Pods-myNavDrawerTests.release.xcconfig */ = {isa = PBXFileReference; includeInIndex = 1; lastKnownFileType = text.xcconfig; name = "Pods-myNavDrawerTests.release.xcconfig"; path = "Pods/Target Support Files/Pods-myNavDrawerTests/Pods-myNavDrawerTests.release.xcconfig"; sourceTree = "<group>"; };
		7B90982316C2541BA4A4E4A5 /* Pods-myNavDrawerTests.debug.xcconfig */ = {isa = PBXFileReference; includeInIndex = 1; lastKnownFileType = text.xcconfig; name = "Pods-myNavDrawerTests.debug.xcconfig"; path = "Pods/Target Support Files/Pods-myNavDrawerTests/Pods-myNavDrawerTests.debug.xcconfig"; sourceTree = "<group>"; };
		8C0430A51CFE782900F3FABB /* splash.jpeg */ = {isa = PBXFileReference; lastKnownFileType = image.jpeg; name = splash.jpeg; path = ../../Downloads/splash.jpeg; sourceTree = "<group>"; };
		8C0430AF1CFE7CAC00F3FABB /* camera5.jpeg */ = {isa = PBXFileReference; lastKnownFileType = image.jpeg; name = camera5.jpeg; path = ../../Desktop/camera5.jpeg; sourceTree = "<group>"; };
		8C1978A71CEDAB91005FC5CD /* myNavDrawer.app */ = {isa = PBXFileReference; explicitFileType = wrapper.application; includeInIndex = 0; path = myNavDrawer.app; sourceTree = BUILT_PRODUCTS_DIR; };
		8C1978AA1CEDAB91005FC5CD /* AppDelegate.swift */ = {isa = PBXFileReference; lastKnownFileType = sourcecode.swift; path = AppDelegate.swift; sourceTree = "<group>"; };
		8C1978AC1CEDAB91005FC5CD /* ViewController.swift */ = {isa = PBXFileReference; lastKnownFileType = sourcecode.swift; path = ViewController.swift; sourceTree = "<group>"; };
		8C1978AF1CEDAB91005FC5CD /* Base */ = {isa = PBXFileReference; lastKnownFileType = file.storyboard; name = Base; path = Base.lproj/Main.storyboard; sourceTree = "<group>"; };
		8C1978B11CEDAB91005FC5CD /* Assets.xcassets */ = {isa = PBXFileReference; lastKnownFileType = folder.assetcatalog; path = Assets.xcassets; sourceTree = "<group>"; };
		8C1978B41CEDAB91005FC5CD /* Base */ = {isa = PBXFileReference; lastKnownFileType = file.storyboard; name = Base; path = Base.lproj/LaunchScreen.storyboard; sourceTree = "<group>"; };
		8C1978B61CEDAB91005FC5CD /* Info.plist */ = {isa = PBXFileReference; lastKnownFileType = text.plist.xml; path = Info.plist; sourceTree = "<group>"; };
		8C1978BB1CEDAB91005FC5CD /* myNavDrawerTests.xctest */ = {isa = PBXFileReference; explicitFileType = wrapper.cfbundle; includeInIndex = 0; path = myNavDrawerTests.xctest; sourceTree = BUILT_PRODUCTS_DIR; };
		8C1978BF1CEDAB91005FC5CD /* myNavDrawerTests.swift */ = {isa = PBXFileReference; lastKnownFileType = sourcecode.swift; path = myNavDrawerTests.swift; sourceTree = "<group>"; };
		8C1978C11CEDAB91005FC5CD /* Info.plist */ = {isa = PBXFileReference; lastKnownFileType = text.plist.xml; path = Info.plist; sourceTree = "<group>"; };
		8C1978C61CEDAB91005FC5CD /* myNavDrawerUITests.xctest */ = {isa = PBXFileReference; explicitFileType = wrapper.cfbundle; includeInIndex = 0; path = myNavDrawerUITests.xctest; sourceTree = BUILT_PRODUCTS_DIR; };
		8C1978CA1CEDAB91005FC5CD /* myNavDrawerUITests.swift */ = {isa = PBXFileReference; lastKnownFileType = sourcecode.swift; path = myNavDrawerUITests.swift; sourceTree = "<group>"; };
		8C1978CC1CEDAB91005FC5CD /* Info.plist */ = {isa = PBXFileReference; lastKnownFileType = text.plist.xml; path = Info.plist; sourceTree = "<group>"; };
		8C278A9E1CEF82CA00AF8CEE /* LeftViewController.swift */ = {isa = PBXFileReference; fileEncoding = 4; lastKnownFileType = sourcecode.swift; path = LeftViewController.swift; sourceTree = "<group>"; };
		8C278AA01CEF9CD800AF8CEE /* MyCustomViewCell.swift */ = {isa = PBXFileReference; fileEncoding = 4; lastKnownFileType = sourcecode.swift; path = MyCustomViewCell.swift; sourceTree = "<group>"; };
		8C7D34F81CFCA5910099305C /* StoryboardFADY.storyboard */ = {isa = PBXFileReference; fileEncoding = 4; lastKnownFileType = file.storyboard; path = StoryboardFADY.storyboard; sourceTree = "<group>"; };
		8C7D34FA1CFCA5AC0099305C /* StoryboardSALMA.storyboard */ = {isa = PBXFileReference; fileEncoding = 4; lastKnownFileType = file.storyboard; path = StoryboardSALMA.storyboard; sourceTree = "<group>"; };
		8C7D34FC1CFCA5BC0099305C /* StoryboardFATIMA.storyboard */ = {isa = PBXFileReference; fileEncoding = 4; lastKnownFileType = file.storyboard; path = StoryboardFATIMA.storyboard; sourceTree = "<group>"; };
		B5FAAD81A3CF27A2EF885BB5 /* Pods_myNavDrawerTests.framework */ = {isa = PBXFileReference; explicitFileType = wrapper.framework; includeInIndex = 0; path = Pods_myNavDrawerTests.framework; sourceTree = BUILT_PRODUCTS_DIR; };
		C71629941CFED9FE001CA5C6 /* TJTextField.swift */ = {isa = PBXFileReference; fileEncoding = 4; lastKnownFileType = sourcecode.swift; path = TJTextField.swift; sourceTree = "<group>"; };
		C71629961CFEDA15001CA5C6 /* UserInfoRegistration.swift */ = {isa = PBXFileReference; fileEncoding = 4; lastKnownFileType = sourcecode.swift; path = UserInfoRegistration.swift; sourceTree = "<group>"; };
		C71629981CFEDA36001CA5C6 /* AchievementsForMeViewController.swift */ = {isa = PBXFileReference; fileEncoding = 4; lastKnownFileType = sourcecode.swift; path = AchievementsForMeViewController.swift; sourceTree = "<group>"; };
		C716299A1CFEDA47001CA5C6 /* RegistrationViewController.swift */ = {isa = PBXFileReference; fileEncoding = 4; lastKnownFileType = sourcecode.swift; path = RegistrationViewController.swift; sourceTree = "<group>"; };
		C7F8173C1CFDC3E80086A9DC /* Category.swift */ = {isa = PBXFileReference; fileEncoding = 4; lastKnownFileType = sourcecode.swift; path = Category.swift; sourceTree = "<group>"; };
		C7F8173E1CFDC4030086A9DC /* UserInfo.swift */ = {isa = PBXFileReference; fileEncoding = 4; lastKnownFileType = sourcecode.swift; path = UserInfo.swift; sourceTree = "<group>"; };
		C7F817401CFDC40C0086A9DC /* UserTask.swift */ = {isa = PBXFileReference; fileEncoding = 4; lastKnownFileType = sourcecode.swift; path = UserTask.swift; sourceTree = "<group>"; };
		C7F817421CFDC4170086A9DC /* TaskInfo.swift */ = {isa = PBXFileReference; fileEncoding = 4; lastKnownFileType = sourcecode.swift; path = TaskInfo.swift; sourceTree = "<group>"; };
		C7F817441CFDC4240086A9DC /* Type.swift */ = {isa = PBXFileReference; fileEncoding = 4; lastKnownFileType = sourcecode.swift; path = Type.swift; sourceTree = "<group>"; };
		C7F817461CFDC4700086A9DC /* LoginScreen.swift */ = {isa = PBXFileReference; fileEncoding = 4; lastKnownFileType = sourcecode.swift; path = LoginScreen.swift; sourceTree = "<group>"; };
		C7F817481CFDC4820086A9DC /* UserProfileScreen.swift */ = {isa = PBXFileReference; fileEncoding = 4; lastKnownFileType = sourcecode.swift; path = UserProfileScreen.swift; sourceTree = "<group>"; };
		C7F8174A1CFDC4910086A9DC /* SimpleUserScreen.swift */ = {isa = PBXFileReference; fileEncoding = 4; lastKnownFileType = sourcecode.swift; path = SimpleUserScreen.swift; sourceTree = "<group>"; };
		C7F8174C1CFDC4A40086A9DC /* MileStoneEditTable.swift */ = {isa = PBXFileReference; fileEncoding = 4; lastKnownFileType = sourcecode.swift; path = MileStoneEditTable.swift; sourceTree = "<group>"; };
		C7F8174E1CFDC4B30086A9DC /* MileStoneEditView.swift */ = {isa = PBXFileReference; fileEncoding = 4; lastKnownFileType = sourcecode.swift; path = MileStoneEditView.swift; sourceTree = "<group>"; };
		C7F817501CFDC4BC0086A9DC /* PasswordValidationScreen.swift */ = {isa = PBXFileReference; fileEncoding = 4; lastKnownFileType = sourcecode.swift; path = PasswordValidationScreen.swift; sourceTree = "<group>"; };
		C7F817521CFDC4D80086A9DC /* ForgotMyPasswordScreen.swift */ = {isa = PBXFileReference; fileEncoding = 4; lastKnownFileType = sourcecode.swift; path = ForgotMyPasswordScreen.swift; sourceTree = "<group>"; };
		C7F817541CFDC4E40086A9DC /* EditUserTaskScreen.swift */ = {isa = PBXFileReference; fileEncoding = 4; lastKnownFileType = sourcecode.swift; path = EditUserTaskScreen.swift; sourceTree = "<group>"; };
		C7F817561CFDC4EB0086A9DC /* EditUserProfileController.swift */ = {isa = PBXFileReference; fileEncoding = 4; lastKnownFileType = sourcecode.swift; path = EditUserProfileController.swift; sourceTree = "<group>"; };
		C7F817581CFDC4F30086A9DC /* EditPasswordPasswordScreen.swift */ = {isa = PBXFileReference; fileEncoding = 4; lastKnownFileType = sourcecode.swift; path = EditPasswordPasswordScreen.swift; sourceTree = "<group>"; };
		C7F8175A1CFDC5760086A9DC /* CreateAccountScreen.swift */ = {isa = PBXFileReference; fileEncoding = 4; lastKnownFileType = sourcecode.swift; path = CreateAccountScreen.swift; sourceTree = "<group>"; };
		C7F8175C1CFDCBD70086A9DC /* ChildUserScreen.swift */ = {isa = PBXFileReference; fileEncoding = 4; lastKnownFileType = sourcecode.swift; path = ChildUserScreen.swift; sourceTree = "<group>"; };
		C7F8175E1CFDCC840086A9DC /* FadyHany.storyboard */ = {isa = PBXFileReference; fileEncoding = 4; lastKnownFileType = file.storyboard; path = FadyHany.storyboard; sourceTree = "<group>"; };
		C7F9983B1CFDEEBF0011FF9D /* View&EditProfile.storyboard */ = {isa = PBXFileReference; fileEncoding = 4; lastKnownFileType = file.storyboard; path = "View&EditProfile.storyboard"; sourceTree = "<group>"; };
		C7F9983D1CFDF6660011FF9D /* AssetsLibrary.framework */ = {isa = PBXFileReference; lastKnownFileType = wrapper.framework; name = AssetsLibrary.framework; path = System/Library/Frameworks/AssetsLibrary.framework; sourceTree = SDKROOT; };
		FE5FADBA3E8915F337FE15E9 /* Pods-myNavDrawer.release.xcconfig */ = {isa = PBXFileReference; includeInIndex = 1; lastKnownFileType = text.xcconfig; name = "Pods-myNavDrawer.release.xcconfig"; path = "Pods/Target Support Files/Pods-myNavDrawer/Pods-myNavDrawer.release.xcconfig"; sourceTree = "<group>"; };
/* End PBXFileReference section */

/* Begin PBXFrameworksBuildPhase section */
		8C1978A41CEDAB91005FC5CD /* Frameworks */ = {
			isa = PBXFrameworksBuildPhase;
			buildActionMask = 2147483647;
			files = (
				C7F9983E1CFDF6660011FF9D /* AssetsLibrary.framework in Frameworks */,
				71F7BCA82A51607667CB6B47 /* Pods_myNavDrawer.framework in Frameworks */,
			);
			runOnlyForDeploymentPostprocessing = 0;
		};
		8C1978B81CEDAB91005FC5CD /* Frameworks */ = {
			isa = PBXFrameworksBuildPhase;
			buildActionMask = 2147483647;
			files = (
				8AA428615A4B0A2B3DA582C8 /* Pods_myNavDrawerTests.framework in Frameworks */,
			);
			runOnlyForDeploymentPostprocessing = 0;
		};
		8C1978C31CEDAB91005FC5CD /* Frameworks */ = {
			isa = PBXFrameworksBuildPhase;
			buildActionMask = 2147483647;
			files = (
			);
			runOnlyForDeploymentPostprocessing = 0;
		};
/* End PBXFrameworksBuildPhase section */

/* Begin PBXGroup section */
		8C19789E1CEDAB91005FC5CD = {
			isa = PBXGroup;
			children = (
				C7F8173B1CFDC3D90086A9DC /* Pojos */,
				C7F8173A1CFDC3AB0086A9DC /* ViewControllers */,
				8C7D34F71CFCA5590099305C /* storyboards */,
				8C278AA01CEF9CD800AF8CEE /* MyCustomViewCell.swift */,
				8C1978A91CEDAB91005FC5CD /* myNavDrawer */,
				8C1978BE1CEDAB91005FC5CD /* myNavDrawerTests */,
				8C1978C91CEDAB91005FC5CD /* myNavDrawerUITests */,
				8C1978A81CEDAB91005FC5CD /* Products */,
				D37B2AD77D408D2453B7E97C /* Pods */,
				CED7E1A6A0F63528FEC1E1FB /* Frameworks */,
			);
			sourceTree = "<group>";
		};
		8C1978A81CEDAB91005FC5CD /* Products */ = {
			isa = PBXGroup;
			children = (
				8C1978A71CEDAB91005FC5CD /* myNavDrawer.app */,
				8C1978BB1CEDAB91005FC5CD /* myNavDrawerTests.xctest */,
				8C1978C61CEDAB91005FC5CD /* myNavDrawerUITests.xctest */,
			);
			name = Products;
			sourceTree = "<group>";
		};
		8C1978A91CEDAB91005FC5CD /* myNavDrawer */ = {
			isa = PBXGroup;
			children = (
				8C1978AA1CEDAB91005FC5CD /* AppDelegate.swift */,
				8C1978AC1CEDAB91005FC5CD /* ViewController.swift */,
				8C1978AE1CEDAB91005FC5CD /* Main.storyboard */,
				8C1978B11CEDAB91005FC5CD /* Assets.xcassets */,
				8C1978B31CEDAB91005FC5CD /* LaunchScreen.storyboard */,
				8C1978B61CEDAB91005FC5CD /* Info.plist */,
				8C278A9E1CEF82CA00AF8CEE /* LeftViewController.swift */,
			);
			path = myNavDrawer;
			sourceTree = "<group>";
		};
		8C1978BE1CEDAB91005FC5CD /* myNavDrawerTests */ = {
			isa = PBXGroup;
			children = (
				8C1978BF1CEDAB91005FC5CD /* myNavDrawerTests.swift */,
				8C1978C11CEDAB91005FC5CD /* Info.plist */,
			);
			path = myNavDrawerTests;
			sourceTree = "<group>";
		};
		8C1978C91CEDAB91005FC5CD /* myNavDrawerUITests */ = {
			isa = PBXGroup;
			children = (
				8C1978CA1CEDAB91005FC5CD /* myNavDrawerUITests.swift */,
				8C1978CC1CEDAB91005FC5CD /* Info.plist */,
			);
			path = myNavDrawerUITests;
			sourceTree = "<group>";
		};
		8C7D34F71CFCA5590099305C /* storyboards */ = {
			isa = PBXGroup;
			children = (
				C7F8175E1CFDCC840086A9DC /* FadyHany.storyboard */,
				8C7D34F81CFCA5910099305C /* StoryboardFADY.storyboard */,
				8C7D34FA1CFCA5AC0099305C /* StoryboardSALMA.storyboard */,
				8C7D34FC1CFCA5BC0099305C /* StoryboardFATIMA.storyboard */,
				C7F9983B1CFDEEBF0011FF9D /* View&EditProfile.storyboard */,
			);
			name = storyboards;
			sourceTree = "<group>";
		};
		C7F8173A1CFDC3AB0086A9DC /* ViewControllers */ = {
			isa = PBXGroup;
			children = (
				C7F8175C1CFDCBD70086A9DC /* ChildUserScreen.swift */,
				C716299A1CFEDA47001CA5C6 /* RegistrationViewController.swift */,
				C7F8175A1CFDC5760086A9DC /* CreateAccountScreen.swift */,
				C71629981CFEDA36001CA5C6 /* AchievementsForMeViewController.swift */,
				C7F817581CFDC4F30086A9DC /* EditPasswordPasswordScreen.swift */,
				C7F817561CFDC4EB0086A9DC /* EditUserProfileController.swift */,
				C7F817541CFDC4E40086A9DC /* EditUserTaskScreen.swift */,
				C7F817521CFDC4D80086A9DC /* ForgotMyPasswordScreen.swift */,
				C7F817501CFDC4BC0086A9DC /* PasswordValidationScreen.swift */,
				C7F8174E1CFDC4B30086A9DC /* MileStoneEditView.swift */,
				C7F8174C1CFDC4A40086A9DC /* MileStoneEditTable.swift */,
				C7F8174A1CFDC4910086A9DC /* SimpleUserScreen.swift */,
				C7F817481CFDC4820086A9DC /* UserProfileScreen.swift */,
				C7F817461CFDC4700086A9DC /* LoginScreen.swift */,
			);
			name = ViewControllers;
			sourceTree = "<group>";
		};
		C7F8173B1CFDC3D90086A9DC /* Pojos */ = {
			isa = PBXGroup;
			children = (
				C71629961CFEDA15001CA5C6 /* UserInfoRegistration.swift */,
				C7F817441CFDC4240086A9DC /* Type.swift */,
				C7F817421CFDC4170086A9DC /* TaskInfo.swift */,
				C7F817401CFDC40C0086A9DC /* UserTask.swift */,
				C71629941CFED9FE001CA5C6 /* TJTextField.swift */,
				C7F8173E1CFDC4030086A9DC /* UserInfo.swift */,
				C7F8173C1CFDC3E80086A9DC /* Category.swift */,
			);
			name = Pojos;
			sourceTree = "<group>";
		};
		CED7E1A6A0F63528FEC1E1FB /* Frameworks */ = {
			isa = PBXGroup;
			children = (
				C7F9983D1CFDF6660011FF9D /* AssetsLibrary.framework */,
				552737CB68EF43B7E73C128B /* Pods_myNavDrawer.framework */,
				B5FAAD81A3CF27A2EF885BB5 /* Pods_myNavDrawerTests.framework */,
			);
			name = Frameworks;
			sourceTree = "<group>";
		};
		D37B2AD77D408D2453B7E97C /* Pods */ = {
			isa = PBXGroup;
			children = (
				31262DE95AF17993335024D6 /* Pods-myNavDrawer.debug.xcconfig */,
				FE5FADBA3E8915F337FE15E9 /* Pods-myNavDrawer.release.xcconfig */,
				7B90982316C2541BA4A4E4A5 /* Pods-myNavDrawerTests.debug.xcconfig */,
				664BBF65D5A1EE2885793BE1 /* Pods-myNavDrawerTests.release.xcconfig */,
			);
			name = Pods;
			sourceTree = "<group>";
		};
/* End PBXGroup section */

/* Begin PBXNativeTarget section */
		8C1978A61CEDAB91005FC5CD /* myNavDrawer */ = {
			isa = PBXNativeTarget;
			buildConfigurationList = 8C1978CF1CEDAB91005FC5CD /* Build configuration list for PBXNativeTarget "myNavDrawer" */;
			buildPhases = (
				2E2392E6BB9F64E6B0D1D14C /* 📦 Check Pods Manifest.lock */,
				8C1978A31CEDAB91005FC5CD /* Sources */,
				8C1978A41CEDAB91005FC5CD /* Frameworks */,
				8C1978A51CEDAB91005FC5CD /* Resources */,
				83E577F80277DD77BB40BFBE /* 📦 Embed Pods Frameworks */,
				79C867C7B55D4F8A8E5CA1C2 /* 📦 Copy Pods Resources */,
			);
			buildRules = (
			);
			dependencies = (
			);
			name = myNavDrawer;
			productName = myNavDrawer;
			productReference = 8C1978A71CEDAB91005FC5CD /* myNavDrawer.app */;
			productType = "com.apple.product-type.application";
		};
		8C1978BA1CEDAB91005FC5CD /* myNavDrawerTests */ = {
			isa = PBXNativeTarget;
			buildConfigurationList = 8C1978D21CEDAB91005FC5CD /* Build configuration list for PBXNativeTarget "myNavDrawerTests" */;
			buildPhases = (
				F205585C79AB056DD1912AF2 /* 📦 Check Pods Manifest.lock */,
				8C1978B71CEDAB91005FC5CD /* Sources */,
				8C1978B81CEDAB91005FC5CD /* Frameworks */,
				8C1978B91CEDAB91005FC5CD /* Resources */,
				7AA44AEE0423BA6B192ADECF /* 📦 Embed Pods Frameworks */,
				65E65366C293081DEE136960 /* 📦 Copy Pods Resources */,
			);
			buildRules = (
			);
			dependencies = (
				8C1978BD1CEDAB91005FC5CD /* PBXTargetDependency */,
			);
			name = myNavDrawerTests;
			productName = myNavDrawerTests;
			productReference = 8C1978BB1CEDAB91005FC5CD /* myNavDrawerTests.xctest */;
			productType = "com.apple.product-type.bundle.unit-test";
		};
		8C1978C51CEDAB91005FC5CD /* myNavDrawerUITests */ = {
			isa = PBXNativeTarget;
			buildConfigurationList = 8C1978D51CEDAB91005FC5CD /* Build configuration list for PBXNativeTarget "myNavDrawerUITests" */;
			buildPhases = (
				8C1978C21CEDAB91005FC5CD /* Sources */,
				8C1978C31CEDAB91005FC5CD /* Frameworks */,
				8C1978C41CEDAB91005FC5CD /* Resources */,
			);
			buildRules = (
			);
			dependencies = (
				8C1978C81CEDAB91005FC5CD /* PBXTargetDependency */,
			);
			name = myNavDrawerUITests;
			productName = myNavDrawerUITests;
			productReference = 8C1978C61CEDAB91005FC5CD /* myNavDrawerUITests.xctest */;
			productType = "com.apple.product-type.bundle.ui-testing";
		};
/* End PBXNativeTarget section */

/* Begin PBXProject section */
		8C19789F1CEDAB91005FC5CD /* Project object */ = {
			isa = PBXProject;
			attributes = {
				LastSwiftUpdateCheck = 0720;
				LastUpgradeCheck = 0720;
				ORGANIZATIONNAME = Deu;
				TargetAttributes = {
					8C1978A61CEDAB91005FC5CD = {
						CreatedOnToolsVersion = 7.2.1;
					};
					8C1978BA1CEDAB91005FC5CD = {
						CreatedOnToolsVersion = 7.2.1;
						TestTargetID = 8C1978A61CEDAB91005FC5CD;
					};
					8C1978C51CEDAB91005FC5CD = {
						CreatedOnToolsVersion = 7.2.1;
						TestTargetID = 8C1978A61CEDAB91005FC5CD;
					};
				};
			};
			buildConfigurationList = 8C1978A21CEDAB91005FC5CD /* Build configuration list for PBXProject "myNavDrawer" */;
			compatibilityVersion = "Xcode 3.2";
			developmentRegion = English;
			hasScannedForEncodings = 0;
			knownRegions = (
				en,
				Base,
			);
			mainGroup = 8C19789E1CEDAB91005FC5CD;
			productRefGroup = 8C1978A81CEDAB91005FC5CD /* Products */;
			projectDirPath = "";
			projectRoot = "";
			targets = (
				8C1978A61CEDAB91005FC5CD /* myNavDrawer */,
				8C1978BA1CEDAB91005FC5CD /* myNavDrawerTests */,
				8C1978C51CEDAB91005FC5CD /* myNavDrawerUITests */,
			);
		};
/* End PBXProject section */

/* Begin PBXResourcesBuildPhase section */
		8C1978A51CEDAB91005FC5CD /* Resources */ = {
			isa = PBXResourcesBuildPhase;
			buildActionMask = 2147483647;
			files = (
				8C1978B51CEDAB91005FC5CD /* LaunchScreen.storyboard in Resources */,
				8C0430B01CFE7CAC00F3FABB /* camera5.jpeg in Resources */,
				8C7D34F91CFCA5910099305C /* StoryboardFADY.storyboard in Resources */,
				8C7D34FD1CFCA5BC0099305C /* StoryboardFATIMA.storyboard in Resources */,
				C7F8175F1CFDCC840086A9DC /* FadyHany.storyboard in Resources */,
				8C7D34FB1CFCA5AC0099305C /* StoryboardSALMA.storyboard in Resources */,
				8C0430A61CFE782900F3FABB /* splash.jpeg in Resources */,
				8C1978B21CEDAB91005FC5CD /* Assets.xcassets in Resources */,
				8C1978B01CEDAB91005FC5CD /* Main.storyboard in Resources */,
			);
			runOnlyForDeploymentPostprocessing = 0;
		};
		8C1978B91CEDAB91005FC5CD /* Resources */ = {
			isa = PBXResourcesBuildPhase;
			buildActionMask = 2147483647;
			files = (
			);
			runOnlyForDeploymentPostprocessing = 0;
		};
		8C1978C41CEDAB91005FC5CD /* Resources */ = {
			isa = PBXResourcesBuildPhase;
			buildActionMask = 2147483647;
			files = (
			);
			runOnlyForDeploymentPostprocessing = 0;
		};
/* End PBXResourcesBuildPhase section */

/* Begin PBXShellScriptBuildPhase section */
		2E2392E6BB9F64E6B0D1D14C /* 📦 Check Pods Manifest.lock */ = {
			isa = PBXShellScriptBuildPhase;
			buildActionMask = 2147483647;
			files = (
			);
			inputPaths = (
			);
			name = "📦 Check Pods Manifest.lock";
			outputPaths = (
			);
			runOnlyForDeploymentPostprocessing = 0;
			shellPath = /bin/sh;
			shellScript = "diff \"${PODS_ROOT}/../Podfile.lock\" \"${PODS_ROOT}/Manifest.lock\" > /dev/null\nif [[ $? != 0 ]] ; then\n    cat << EOM\nerror: The sandbox is not in sync with the Podfile.lock. Run 'pod install' or update your CocoaPods installation.\nEOM\n    exit 1\nfi\n";
			showEnvVarsInLog = 0;
		};
		65E65366C293081DEE136960 /* 📦 Copy Pods Resources */ = {
			isa = PBXShellScriptBuildPhase;
			buildActionMask = 2147483647;
			files = (
			);
			inputPaths = (
			);
			name = "📦 Copy Pods Resources";
			outputPaths = (
			);
			runOnlyForDeploymentPostprocessing = 0;
			shellPath = /bin/sh;
			shellScript = "\"${SRCROOT}/Pods/Target Support Files/Pods-myNavDrawerTests/Pods-myNavDrawerTests-resources.sh\"\n";
			showEnvVarsInLog = 0;
		};
		79C867C7B55D4F8A8E5CA1C2 /* 📦 Copy Pods Resources */ = {
			isa = PBXShellScriptBuildPhase;
			buildActionMask = 2147483647;
			files = (
			);
			inputPaths = (
			);
			name = "📦 Copy Pods Resources";
			outputPaths = (
			);
			runOnlyForDeploymentPostprocessing = 0;
			shellPath = /bin/sh;
			shellScript = "\"${SRCROOT}/Pods/Target Support Files/Pods-myNavDrawer/Pods-myNavDrawer-resources.sh\"\n";
			showEnvVarsInLog = 0;
		};
		7AA44AEE0423BA6B192ADECF /* 📦 Embed Pods Frameworks */ = {
			isa = PBXShellScriptBuildPhase;
			buildActionMask = 2147483647;
			files = (
			);
			inputPaths = (
			);
			name = "📦 Embed Pods Frameworks";
			outputPaths = (
			);
			runOnlyForDeploymentPostprocessing = 0;
			shellPath = /bin/sh;
			shellScript = "\"${SRCROOT}/Pods/Target Support Files/Pods-myNavDrawerTests/Pods-myNavDrawerTests-frameworks.sh\"\n";
			showEnvVarsInLog = 0;
		};
		83E577F80277DD77BB40BFBE /* 📦 Embed Pods Frameworks */ = {
			isa = PBXShellScriptBuildPhase;
			buildActionMask = 2147483647;
			files = (
			);
			inputPaths = (
			);
			name = "📦 Embed Pods Frameworks";
			outputPaths = (
			);
			runOnlyForDeploymentPostprocessing = 0;
			shellPath = /bin/sh;
			shellScript = "\"${SRCROOT}/Pods/Target Support Files/Pods-myNavDrawer/Pods-myNavDrawer-frameworks.sh\"\n";
			showEnvVarsInLog = 0;
		};
		F205585C79AB056DD1912AF2 /* 📦 Check Pods Manifest.lock */ = {
			isa = PBXShellScriptBuildPhase;
			buildActionMask = 2147483647;
			files = (
			);
			inputPaths = (
			);
			name = "📦 Check Pods Manifest.lock";
			outputPaths = (
			);
			runOnlyForDeploymentPostprocessing = 0;
			shellPath = /bin/sh;
			shellScript = "diff \"${PODS_ROOT}/../Podfile.lock\" \"${PODS_ROOT}/Manifest.lock\" > /dev/null\nif [[ $? != 0 ]] ; then\n    cat << EOM\nerror: The sandbox is not in sync with the Podfile.lock. Run 'pod install' or update your CocoaPods installation.\nEOM\n    exit 1\nfi\n";
			showEnvVarsInLog = 0;
		};
/* End PBXShellScriptBuildPhase section */

/* Begin PBXSourcesBuildPhase section */
		8C1978A31CEDAB91005FC5CD /* Sources */ = {
			isa = PBXSourcesBuildPhase;
			buildActionMask = 2147483647;
			files = (
				C7F817431CFDC4170086A9DC /* TaskInfo.swift in Sources */,
				C7F817591CFDC4F30086A9DC /* EditPasswordPasswordScreen.swift in Sources */,
				C7F817531CFDC4D80086A9DC /* ForgotMyPasswordScreen.swift in Sources */,
				8C278A9F1CEF82CA00AF8CEE /* LeftViewController.swift in Sources */,
				C71629971CFEDA15001CA5C6 /* UserInfoRegistration.swift in Sources */,
				C7F8174D1CFDC4A40086A9DC /* MileStoneEditTable.swift in Sources */,
				C71629951CFED9FE001CA5C6 /* TJTextField.swift in Sources */,
				C7F8173D1CFDC3E80086A9DC /* Category.swift in Sources */,
				8C278AA11CEF9CD800AF8CEE /* MyCustomViewCell.swift in Sources */,
				C7F817411CFDC40C0086A9DC /* UserTask.swift in Sources */,
				8C1978AD1CEDAB91005FC5CD /* ViewController.swift in Sources */,
				C7F8175D1CFDCBD70086A9DC /* ChildUserScreen.swift in Sources */,
				C7F8175B1CFDC5760086A9DC /* CreateAccountScreen.swift in Sources */,
				C7F817551CFDC4E40086A9DC /* EditUserTaskScreen.swift in Sources */,
				C716299B1CFEDA47001CA5C6 /* RegistrationViewController.swift in Sources */,
				C7F817491CFDC4820086A9DC /* UserProfileScreen.swift in Sources */,
				C7F8173F1CFDC4030086A9DC /* UserInfo.swift in Sources */,
				8C1978AB1CEDAB91005FC5CD /* AppDelegate.swift in Sources */,
				C7F817571CFDC4EB0086A9DC /* EditUserProfileController.swift in Sources */,
				C7F817451CFDC4240086A9DC /* Type.swift in Sources */,
				C7F8174B1CFDC4910086A9DC /* SimpleUserScreen.swift in Sources */,
				C7F817471CFDC4700086A9DC /* LoginScreen.swift in Sources */,
				C71629991CFEDA36001CA5C6 /* AchievementsForMeViewController.swift in Sources */,
				C7F817511CFDC4BC0086A9DC /* PasswordValidationScreen.swift in Sources */,
				C7F8174F1CFDC4B30086A9DC /* MileStoneEditView.swift in Sources */,
			);
			runOnlyForDeploymentPostprocessing = 0;
		};
		8C1978B71CEDAB91005FC5CD /* Sources */ = {
			isa = PBXSourcesBuildPhase;
			buildActionMask = 2147483647;
			files = (
				8C1978C01CEDAB91005FC5CD /* myNavDrawerTests.swift in Sources */,
			);
			runOnlyForDeploymentPostprocessing = 0;
		};
		8C1978C21CEDAB91005FC5CD /* Sources */ = {
			isa = PBXSourcesBuildPhase;
			buildActionMask = 2147483647;
			files = (
				8C1978CB1CEDAB91005FC5CD /* myNavDrawerUITests.swift in Sources */,
			);
			runOnlyForDeploymentPostprocessing = 0;
		};
/* End PBXSourcesBuildPhase section */

/* Begin PBXTargetDependency section */
		8C1978BD1CEDAB91005FC5CD /* PBXTargetDependency */ = {
			isa = PBXTargetDependency;
			target = 8C1978A61CEDAB91005FC5CD /* myNavDrawer */;
			targetProxy = 8C1978BC1CEDAB91005FC5CD /* PBXContainerItemProxy */;
		};
		8C1978C81CEDAB91005FC5CD /* PBXTargetDependency */ = {
			isa = PBXTargetDependency;
			target = 8C1978A61CEDAB91005FC5CD /* myNavDrawer */;
			targetProxy = 8C1978C71CEDAB91005FC5CD /* PBXContainerItemProxy */;
		};
/* End PBXTargetDependency section */

/* Begin PBXVariantGroup section */
		8C1978AE1CEDAB91005FC5CD /* Main.storyboard */ = {
			isa = PBXVariantGroup;
			children = (
				8C1978AF1CEDAB91005FC5CD /* Base */,
			);
			name = Main.storyboard;
			sourceTree = "<group>";
		};
		8C1978B31CEDAB91005FC5CD /* LaunchScreen.storyboard */ = {
			isa = PBXVariantGroup;
			children = (
				8C1978B41CEDAB91005FC5CD /* Base */,
			);
			name = LaunchScreen.storyboard;
			sourceTree = "<group>";
		};
/* End PBXVariantGroup section */

/* Begin XCBuildConfiguration section */
		8C1978CD1CEDAB91005FC5CD /* Debug */ = {
			isa = XCBuildConfiguration;
			buildSettings = {
				ALWAYS_SEARCH_USER_PATHS = NO;
				CLANG_CXX_LANGUAGE_STANDARD = "gnu++0x";
				CLANG_CXX_LIBRARY = "libc++";
				CLANG_ENABLE_MODULES = YES;
				CLANG_ENABLE_OBJC_ARC = YES;
				CLANG_WARN_BOOL_CONVERSION = YES;
				CLANG_WARN_CONSTANT_CONVERSION = YES;
				CLANG_WARN_DIRECT_OBJC_ISA_USAGE = YES_ERROR;
				CLANG_WARN_EMPTY_BODY = YES;
				CLANG_WARN_ENUM_CONVERSION = YES;
				CLANG_WARN_INT_CONVERSION = YES;
				CLANG_WARN_OBJC_ROOT_CLASS = YES_ERROR;
				CLANG_WARN_UNREACHABLE_CODE = YES;
				CLANG_WARN__DUPLICATE_METHOD_MATCH = YES;
				"CODE_SIGN_IDENTITY[sdk=iphoneos*]" = "iPhone Developer";
				COPY_PHASE_STRIP = NO;
				DEBUG_INFORMATION_FORMAT = dwarf;
				ENABLE_STRICT_OBJC_MSGSEND = YES;
				ENABLE_TESTABILITY = YES;
				GCC_C_LANGUAGE_STANDARD = gnu99;
				GCC_DYNAMIC_NO_PIC = NO;
				GCC_NO_COMMON_BLOCKS = YES;
				GCC_OPTIMIZATION_LEVEL = 0;
				GCC_PREPROCESSOR_DEFINITIONS = (
					"DEBUG=1",
					"$(inherited)",
				);
				GCC_WARN_64_TO_32_BIT_CONVERSION = YES;
				GCC_WARN_ABOUT_RETURN_TYPE = YES_ERROR;
				GCC_WARN_UNDECLARED_SELECTOR = YES;
				GCC_WARN_UNINITIALIZED_AUTOS = YES_AGGRESSIVE;
				GCC_WARN_UNUSED_FUNCTION = YES;
				GCC_WARN_UNUSED_VARIABLE = YES;
				IPHONEOS_DEPLOYMENT_TARGET = 9.2;
				MTL_ENABLE_DEBUG_INFO = YES;
				ONLY_ACTIVE_ARCH = YES;
				SDKROOT = iphoneos;
				SWIFT_OPTIMIZATION_LEVEL = "-Onone";
				TARGETED_DEVICE_FAMILY = "1,2";
			};
			name = Debug;
		};
		8C1978CE1CEDAB91005FC5CD /* Release */ = {
			isa = XCBuildConfiguration;
			buildSettings = {
				ALWAYS_SEARCH_USER_PATHS = NO;
				CLANG_CXX_LANGUAGE_STANDARD = "gnu++0x";
				CLANG_CXX_LIBRARY = "libc++";
				CLANG_ENABLE_MODULES = YES;
				CLANG_ENABLE_OBJC_ARC = YES;
				CLANG_WARN_BOOL_CONVERSION = YES;
				CLANG_WARN_CONSTANT_CONVERSION = YES;
				CLANG_WARN_DIRECT_OBJC_ISA_USAGE = YES_ERROR;
				CLANG_WARN_EMPTY_BODY = YES;
				CLANG_WARN_ENUM_CONVERSION = YES;
				CLANG_WARN_INT_CONVERSION = YES;
				CLANG_WARN_OBJC_ROOT_CLASS = YES_ERROR;
				CLANG_WARN_UNREACHABLE_CODE = YES;
				CLANG_WARN__DUPLICATE_METHOD_MATCH = YES;
				"CODE_SIGN_IDENTITY[sdk=iphoneos*]" = "iPhone Developer";
				COPY_PHASE_STRIP = NO;
				DEBUG_INFORMATION_FORMAT = "dwarf-with-dsym";
				ENABLE_NS_ASSERTIONS = NO;
				ENABLE_STRICT_OBJC_MSGSEND = YES;
				GCC_C_LANGUAGE_STANDARD = gnu99;
				GCC_NO_COMMON_BLOCKS = YES;
				GCC_WARN_64_TO_32_BIT_CONVERSION = YES;
				GCC_WARN_ABOUT_RETURN_TYPE = YES_ERROR;
				GCC_WARN_UNDECLARED_SELECTOR = YES;
				GCC_WARN_UNINITIALIZED_AUTOS = YES_AGGRESSIVE;
				GCC_WARN_UNUSED_FUNCTION = YES;
				GCC_WARN_UNUSED_VARIABLE = YES;
				IPHONEOS_DEPLOYMENT_TARGET = 9.2;
				MTL_ENABLE_DEBUG_INFO = NO;
				SDKROOT = iphoneos;
				TARGETED_DEVICE_FAMILY = "1,2";
				VALIDATE_PRODUCT = YES;
			};
			name = Release;
		};
		8C1978D01CEDAB91005FC5CD /* Debug */ = {
			isa = XCBuildConfiguration;
			baseConfigurationReference = 31262DE95AF17993335024D6 /* Pods-myNavDrawer.debug.xcconfig */;
			buildSettings = {
				ASSETCATALOG_COMPILER_APPICON_NAME = AppIcon;
				INFOPLIST_FILE = myNavDrawer/Info.plist;
				IPHONEOS_DEPLOYMENT_TARGET = 9.1;
				LD_RUNPATH_SEARCH_PATHS = "$(inherited) @executable_path/Frameworks";
				PRODUCT_BUNDLE_IDENTIFIER = c.myNavDrawer;
				PRODUCT_NAME = "$(TARGET_NAME)";
			};
			name = Debug;
		};
		8C1978D11CEDAB91005FC5CD /* Release */ = {
			isa = XCBuildConfiguration;
			baseConfigurationReference = FE5FADBA3E8915F337FE15E9 /* Pods-myNavDrawer.release.xcconfig */;
			buildSettings = {
				ASSETCATALOG_COMPILER_APPICON_NAME = AppIcon;
				INFOPLIST_FILE = myNavDrawer/Info.plist;
				IPHONEOS_DEPLOYMENT_TARGET = 9.1;
				LD_RUNPATH_SEARCH_PATHS = "$(inherited) @executable_path/Frameworks";
				PRODUCT_BUNDLE_IDENTIFIER = c.myNavDrawer;
				PRODUCT_NAME = "$(TARGET_NAME)";
			};
			name = Release;
		};
		8C1978D31CEDAB91005FC5CD /* Debug */ = {
			isa = XCBuildConfiguration;
			baseConfigurationReference = 7B90982316C2541BA4A4E4A5 /* Pods-myNavDrawerTests.debug.xcconfig */;
			buildSettings = {
				BUNDLE_LOADER = "$(TEST_HOST)";
				INFOPLIST_FILE = myNavDrawerTests/Info.plist;
				LD_RUNPATH_SEARCH_PATHS = "$(inherited) @executable_path/Frameworks @loader_path/Frameworks";
				PRODUCT_BUNDLE_IDENTIFIER = c.myNavDrawerTests;
				PRODUCT_NAME = "$(TARGET_NAME)";
				TEST_HOST = "$(BUILT_PRODUCTS_DIR)/myNavDrawer.app/myNavDrawer";
			};
			name = Debug;
		};
		8C1978D41CEDAB91005FC5CD /* Release */ = {
			isa = XCBuildConfiguration;
			baseConfigurationReference = 664BBF65D5A1EE2885793BE1 /* Pods-myNavDrawerTests.release.xcconfig */;
			buildSettings = {
				BUNDLE_LOADER = "$(TEST_HOST)";
				INFOPLIST_FILE = myNavDrawerTests/Info.plist;
				LD_RUNPATH_SEARCH_PATHS = "$(inherited) @executable_path/Frameworks @loader_path/Frameworks";
				PRODUCT_BUNDLE_IDENTIFIER = c.myNavDrawerTests;
				PRODUCT_NAME = "$(TARGET_NAME)";
				TEST_HOST = "$(BUILT_PRODUCTS_DIR)/myNavDrawer.app/myNavDrawer";
			};
			name = Release;
		};
		8C1978D61CEDAB91005FC5CD /* Debug */ = {
			isa = XCBuildConfiguration;
			buildSettings = {
				INFOPLIST_FILE = myNavDrawerUITests/Info.plist;
				LD_RUNPATH_SEARCH_PATHS = "$(inherited) @executable_path/Frameworks @loader_path/Frameworks";
				PRODUCT_BUNDLE_IDENTIFIER = c.myNavDrawerUITests;
				PRODUCT_NAME = "$(TARGET_NAME)";
				TEST_TARGET_NAME = myNavDrawer;
				USES_XCTRUNNER = YES;
			};
			name = Debug;
		};
		8C1978D71CEDAB91005FC5CD /* Release */ = {
			isa = XCBuildConfiguration;
			buildSettings = {
				INFOPLIST_FILE = myNavDrawerUITests/Info.plist;
				LD_RUNPATH_SEARCH_PATHS = "$(inherited) @executable_path/Frameworks @loader_path/Frameworks";
				PRODUCT_BUNDLE_IDENTIFIER = c.myNavDrawerUITests;
				PRODUCT_NAME = "$(TARGET_NAME)";
				TEST_TARGET_NAME = myNavDrawer;
				USES_XCTRUNNER = YES;
			};
			name = Release;
		};
/* End XCBuildConfiguration section */

/* Begin XCConfigurationList section */
		8C1978A21CEDAB91005FC5CD /* Build configuration list for PBXProject "myNavDrawer" */ = {
			isa = XCConfigurationList;
			buildConfigurations = (
				8C1978CD1CEDAB91005FC5CD /* Debug */,
				8C1978CE1CEDAB91005FC5CD /* Release */,
			);
			defaultConfigurationIsVisible = 0;
			defaultConfigurationName = Release;
		};
		8C1978CF1CEDAB91005FC5CD /* Build configuration list for PBXNativeTarget "myNavDrawer" */ = {
			isa = XCConfigurationList;
			buildConfigurations = (
				8C1978D01CEDAB91005FC5CD /* Debug */,
				8C1978D11CEDAB91005FC5CD /* Release */,
			);
			defaultConfigurationIsVisible = 0;
			defaultConfigurationName = Release;
		};
		8C1978D21CEDAB91005FC5CD /* Build configuration list for PBXNativeTarget "myNavDrawerTests" */ = {
			isa = XCConfigurationList;
			buildConfigurations = (
				8C1978D31CEDAB91005FC5CD /* Debug */,
				8C1978D41CEDAB91005FC5CD /* Release */,
			);
			defaultConfigurationIsVisible = 0;
			defaultConfigurationName = Release;
		};
		8C1978D51CEDAB91005FC5CD /* Build configuration list for PBXNativeTarget "myNavDrawerUITests" */ = {
			isa = XCConfigurationList;
			buildConfigurations = (
				8C1978D61CEDAB91005FC5CD /* Debug */,
				8C1978D71CEDAB91005FC5CD /* Release */,
			);
			defaultConfigurationIsVisible = 0;
			defaultConfigurationName = Release;
		};
/* End XCConfigurationList section */
	};
	rootObject = 8C19789F1CEDAB91005FC5CD /* Project object */;
}
